
Microsoft Visual Studio Solution File, Format Version 12.00
# Visual Studio 15
VisualStudioVersion = 15.0.26430.13
MinimumVisualStudioVersion = 10.0.40219.1
Project("{FAE04EC0-301F-11D3-BF4B-00C04F79EFBC}") = "Dictionaries, Lambda and LINQ - Exercises", "Dictionaries, Lambda and LINQ - Exercises\Dictionaries, Lambda and LINQ - Exercises.csproj", "{0B3B7553-F0B2-4756-B577-EEDC73873741}"
EndProject
Project("{FAE04EC0-301F-11D3-BF4B-00C04F79EFBC}") = "01.Phonebook", "01.Phonebook\01.Phonebook.csproj", "{5BAF2E7D-11A3-4F96-80DD-F5DA36E3FF92}"
EndProject
Project("{FAE04EC0-301F-11D3-BF4B-00C04F79EFBC}") = "04.FixEmails", "04.FixEmails\04.FixEmails.csproj", "{5EAA5AB9-4DCA-4E73-8499-F2A24ED9C759}"
EndProject
Project("{FAE04EC0-301F-11D3-BF4B-00C04F79EFBC}") = "03.AMinerTask", "03.AMinerTask\03.AMinerTask.csproj", "{2756AA42-288E-4AC1-A257-6B4FEFC292C5}"
EndProject
Project("{FAE04EC0-301F-11D3-BF4B-00C04F79EFBC}") = "06.UserLogs", "06.UserLogs\06.UserLogs.csproj", "{40F9C615-248D-44E8-879F-5BD0D1F4DE3F}"
EndProject
Project("{FAE04EC0-301F-11D3-BF4B-00C04F79EFBC}") = "07.PopulationCounter", "07.PopulationCounter\07.PopulationCounter.csproj", "{938AD878-3B05-486F-99AF-C5A90A80A3BB}"
EndProject
Project("{FAE04EC0-301F-11D3-BF4B-00C04F79EFBC}") = "05.HandsOfCards", "05.HandsOfCards\05.HandsOfCards.csproj", "{6E600263-FEFB-4DF0-BA15-3D12D5593F07}"
EndProject
Project("{FAE04EC0-301F-11D3-BF4B-00C04F79EFBC}") = "08.LogsAggregator", "08.LogsAggregator\08.LogsAggregator.csproj", "{3EB943EB-65FC-4353-B6CB-BEB1D7285CA2}"
EndProject
Project("{FAE04EC0-301F-11D3-BF4B-00C04F79EFBC}") = "09.LegendaryFarming", "09.LegendaryFarming\09.LegendaryFarming.csproj", "{7C18EC8C-8F96-4830-B0F9-0B54D4F44D9E}"
EndProject
Global
	GlobalSection(SolutionConfigurationPlatforms) = preSolution
		Debug|Any CPU = Debug|Any CPU
		Release|Any CPU = Release|Any CPU
	EndGlobalSection
	GlobalSection(ProjectConfigurationPlatforms) = postSolution
		{0B3B7553-F0B2-4756-B577-EEDC73873741}.Debug|Any CPU.ActiveCfg = Debug|Any CPU
		{0B3B7553-F0B2-4756-B577-EEDC73873741}.Debug|Any CPU.Build.0 = Debug|Any CPU
		{0B3B7553-F0B2-4756-B577-EEDC73873741}.Release|Any CPU.ActiveCfg = Release|Any CPU
		{0B3B7553-F0B2-4756-B577-EEDC73873741}.Release|Any CPU.Build.0 = Release|Any CPU
		{5BAF2E7D-11A3-4F96-80DD-F5DA36E3FF92}.Debug|Any CPU.ActiveCfg = Debug|Any CPU
		{5BAF2E7D-11A3-4F96-80DD-F5DA36E3FF92}.Debug|Any CPU.Build.0 = Debug|Any CPU
		{5BAF2E7D-11A3-4F96-80DD-F5DA36E3FF92}.Release|Any CPU.ActiveCfg = Release|Any CPU
		{5BAF2E7D-11A3-4F96-80DD-F5DA36E3FF92}.Release|Any CPU.Build.0 = Release|Any CPU
		{5EAA5AB9-4DCA-4E73-8499-F2A24ED9C759}.Debug|Any CPU.ActiveCfg = Debug|Any CPU
		{5EAA5AB9-4DCA-4E73-8499-F2A24ED9C759}.Debug|Any CPU.Build.0 = Debug|Any CPU
		{5EAA5AB9-4DCA-4E73-8499-F2A24ED9C759}.Release|Any CPU.ActiveCfg = Release|Any CPU
		{5EAA5AB9-4DCA-4E73-8499-F2A24ED9C759}.Release|Any CPU.Build.0 = Release|Any CPU
		{2756AA42-288E-4AC1-A257-6B4FEFC292C5}.Debug|Any CPU.ActiveCfg = Debug|Any CPU
		{2756AA42-288E-4AC1-A257-6B4FEFC292C5}.Debug|Any CPU.Build.0 = Debug|Any CPU
		{2756AA42-288E-4AC1-A257-6B4FEFC292C5}.Release|Any CPU.ActiveCfg = Release|Any CPU
		{2756AA42-288E-4AC1-A257-6B4FEFC292C5}.Release|Any CPU.Build.0 = Release|Any CPU
		{40F9C615-248D-44E8-879F-5BD0D1F4DE3F}.Debug|Any CPU.ActiveCfg = Debug|Any CPU
		{40F9C615-248D-44E8-879F-5BD0D1F4DE3F}.Debug|Any CPU.Build.0 = Debug|Any CPU
		{40F9C615-248D-44E8-879F-5BD0D1F4DE3F}.Release|Any CPU.ActiveCfg = Release|Any CPU
		{40F9C615-248D-44E8-879F-5BD0D1F4DE3F}.Release|Any CPU.Build.0 = Release|Any CPU
		{938AD878-3B05-486F-99AF-C5A90A80A3BB}.Debug|Any CPU.ActiveCfg = Debug|Any CPU
		{938AD878-3B05-486F-99AF-C5A90A80A3BB}.Debug|Any CPU.Build.0 = Debug|Any CPU
		{938AD878-3B05-486F-99AF-C5A90A80A3BB}.Release|Any CPU.ActiveCfg = Release|Any CPU
		{938AD878-3B05-486F-99AF-C5A90A80A3BB}.Release|Any CPU.Build.0 = Release|Any CPU
		{6E600263-FEFB-4DF0-BA15-3D12D5593F07}.Debug|Any CPU.ActiveCfg = Debug|Any CPU
		{6E600263-FEFB-4DF0-BA15-3D12D5593F07}.Debug|Any CPU.Build.0 = Debug|Any CPU
		{6E600263-FEFB-4DF0-BA15-3D12D5593F07}.Release|Any CPU.ActiveCfg = Release|Any CPU
		{6E600263-FEFB-4DF0-BA15-3D12D5593F07}.Release|Any CPU.Build.0 = Release|Any CPU
		{3EB943EB-65FC-4353-B6CB-BEB1D7285CA2}.Debug|Any CPU.ActiveCfg = Debug|Any CPU
		{3EB943EB-65FC-4353-B6CB-BEB1D7285CA2}.Debug|Any CPU.Build.0 = Debug|Any CPU
		{3EB943EB-65FC-4353-B6CB-BEB1D7285CA2}.Release|Any CPU.ActiveCfg = Release|Any CPU
		{3EB943EB-65FC-4353-B6CB-BEB1D7285CA2}.Release|Any CPU.Build.0 = Release|Any CPU
		{7C18EC8C-8F96-4830-B0F9-0B54D4F44D9E}.Debug|Any CPU.ActiveCfg = Debug|Any CPU
		{7C18EC8C-8F96-4830-B0F9-0B54D4F44D9E}.Debug|Any CPU.Build.0 = Debug|Any CPU
		{7C18EC8C-8F96-4830-B0F9-0B54D4F44D9E}.Release|Any CPU.ActiveCfg = Release|Any CPU
		{7C18EC8C-8F96-4830-B0F9-0B54D4F44D9E}.Release|Any CPU.Build.0 = Release|Any CPU
	EndGlobalSection
	GlobalSection(SolutionProperties) = preSolution
		HideSolutionNode = FALSE
	EndGlobalSection
EndGlobal
